{
  "version": 4,
  "terraform_version": "1.7.2",
  "serial": 4,
  "lineage": "ab5f6320-4d0a-eaf6-2db3-0b2724e56ac7",
  "outputs": {},
  "resources": [
    {
      "mode": "managed",
      "type": "azurerm_app_service_plan",
      "name": "appserviceplanlearninglab",
      "provider": "provider[\"registry.terraform.io/hashicorp/azurerm\"]",
      "instances": [
        {
          "schema_version": 1,
          "attributes": {
            "app_service_environment_id": "",
            "id": "/subscriptions/66163d79-aaee-4101-a413-a8224073123a/resourceGroups/learninglab1234/providers/Microsoft.Web/serverFarms/example-appserviceplan",
            "is_xenon": false,
            "kind": "Windows",
            "location": "centralindia",
            "maximum_elastic_worker_count": 1,
            "maximum_number_of_workers": 10,
            "name": "example-appserviceplan",
            "per_site_scaling": false,
            "reserved": false,
            "resource_group_name": "learninglab1234",
            "sku": [
              {
                "capacity": 1,
                "size": "S1",
                "tier": "Standard"
              }
            ],
            "tags": null,
            "timeouts": null,
            "zone_redundant": false
          },
          "sensitive_attributes": [],
          "private": "eyJlMmJmYjczMC1lY2FhLTExZTYtOGY4OC0zNDM2M2JjN2M0YzAiOnsiY3JlYXRlIjozNjAwMDAwMDAwMDAwLCJkZWxldGUiOjM2MDAwMDAwMDAwMDAsInJlYWQiOjMwMDAwMDAwMDAwMCwidXBkYXRlIjozNjAwMDAwMDAwMDAwfSwic2NoZW1hX3ZlcnNpb24iOiIxIn0=",
          "dependencies": [
            "azurerm_resource_group.LocalNameRG"
          ]
        }
      ]
    },
    {
      "mode": "managed",
      "type": "azurerm_linux_web_app",
      "name": "azureappservice",
      "provider": "provider[\"registry.terraform.io/hashicorp/azurerm\"]",
      "instances": [
        {
          "schema_version": 1,
          "attributes": {
            "app_settings": null,
            "auth_settings": [],
            "auth_settings_v2": [],
            "backup": [],
            "client_affinity_enabled": false,
            "client_certificate_enabled": false,
            "client_certificate_exclusion_paths": "",
            "client_certificate_mode": "Required",
            "connection_string": [],
            "custom_domain_verification_id": "3F8F6EA0FE9DF215ACCD65065ACDA9D784615B7300F7DAD803C9F1B00966192A",
            "default_hostname": "linuxappservice.azurewebsites.net",
            "enabled": true,
            "ftp_publish_basic_authentication_enabled": true,
            "hosting_environment_id": "",
            "https_only": false,
            "id": "/subscriptions/66163d79-aaee-4101-a413-a8224073123a/resourceGroups/learninglab1234/providers/Microsoft.Web/sites/linuxappservice",
            "identity": [],
            "key_vault_reference_identity_id": "SystemAssigned",
            "kind": "app",
            "location": "centralindia",
            "logs": [],
            "name": "linuxappservice",
            "outbound_ip_address_list": [
              "20.193.136.157",
              "20.193.136.160",
              "20.193.136.214",
              "20.193.136.224",
              "20.193.136.239",
              "20.193.136.249",
              "4.213.200.163",
              "52.140.106.224"
            ],
            "outbound_ip_addresses": "20.193.136.157,20.193.136.160,20.193.136.214,20.193.136.224,20.193.136.239,20.193.136.249,4.213.200.163,52.140.106.224",
            "possible_outbound_ip_address_list": [
              "20.193.136.157",
              "20.193.136.160",
              "20.193.136.214",
              "20.193.136.224",
              "20.193.136.239",
              "20.193.136.249",
              "4.213.200.163",
              "20.193.137.13",
              "20.193.137.14",
              "20.193.137.36",
              "20.193.137.55",
              "20.193.136.216",
              "20.193.136.217",
              "104.211.113.109",
              "52.172.164.90",
              "104.211.116.183",
              "13.71.1.53",
              "52.172.221.97",
              "52.172.211.172",
              "52.172.144.111",
              "104.211.118.93",
              "52.172.215.180",
              "52.172.221.13",
              "13.71.36.155",
              "52.172.136.188",
              "20.193.128.244",
              "20.193.129.6",
              "20.193.129.126",
              "20.193.136.12",
              "20.193.136.57",
              "20.193.136.59",
              "52.140.106.224"
            ],
            "possible_outbound_ip_addresses": "20.193.136.157,20.193.136.160,20.193.136.214,20.193.136.224,20.193.136.239,20.193.136.249,4.213.200.163,20.193.137.13,20.193.137.14,20.193.137.36,20.193.137.55,20.193.136.216,20.193.136.217,104.211.113.109,52.172.164.90,104.211.116.183,13.71.1.53,52.172.221.97,52.172.211.172,52.172.144.111,104.211.118.93,52.172.215.180,52.172.221.13,13.71.36.155,52.172.136.188,20.193.128.244,20.193.129.6,20.193.129.126,20.193.136.12,20.193.136.57,20.193.136.59,52.140.106.224",
            "public_network_access_enabled": true,
            "resource_group_name": "learninglab1234",
            "service_plan_id": "/subscriptions/66163d79-aaee-4101-a413-a8224073123a/resourceGroups/learninglab1234/providers/Microsoft.Web/serverFarms/example-appserviceplan",
            "site_config": [
              {
                "always_on": true,
                "api_definition_url": "",
                "api_management_api_id": "",
                "app_command_line": "",
                "application_stack": [
                  {
                    "docker_image_name": "",
                    "docker_registry_password": "",
                    "docker_registry_url": "",
                    "docker_registry_username": "",
                    "dotnet_version": "",
                    "go_version": "",
                    "java_server": "",
                    "java_server_version": "",
                    "java_version": "",
                    "node_version": "",
                    "php_version": "",
                    "python_version": "",
                    "ruby_version": ""
                  }
                ],
                "auto_heal_setting": [],
                "container_registry_managed_identity_client_id": "",
                "container_registry_use_managed_identity": false,
                "cors": [],
                "default_documents": [
                  "Default.htm",
                  "Default.html",
                  "Default.asp",
                  "index.htm",
                  "index.html",
                  "iisstart.htm",
                  "default.aspx",
                  "index.php",
                  "hostingstart.html"
                ],
                "detailed_error_logging_enabled": false,
                "ftps_state": "Disabled",
                "health_check_eviction_time_in_min": 0,
                "health_check_path": "",
                "http2_enabled": false,
                "ip_restriction": [],
                "ip_restriction_default_action": "Allow",
                "linux_fx_version": "",
                "load_balancing_mode": "LeastRequests",
                "local_mysql_enabled": false,
                "managed_pipeline_mode": "Integrated",
                "minimum_tls_version": "1.2",
                "remote_debugging_enabled": false,
                "remote_debugging_version": "VS2022",
                "scm_ip_restriction": [],
                "scm_ip_restriction_default_action": "Allow",
                "scm_minimum_tls_version": "1.2",
                "scm_type": "None",
                "scm_use_main_ip_restriction": false,
                "use_32_bit_worker": true,
                "vnet_route_all_enabled": false,
                "websockets_enabled": false,
                "worker_count": 1
              }
            ],
            "site_credential": [
              {
                "name": "$linuxappservice",
                "password": "thswPKBDT1hZvNKapDgCigv5PvRuEg6nsbHtEhs2acgAEEWtC23HhdDDhgtu"
              }
            ],
            "sticky_settings": [],
            "storage_account": [],
            "tags": null,
            "timeouts": null,
            "virtual_network_subnet_id": "",
            "webdeploy_publish_basic_authentication_enabled": true,
            "zip_deploy_file": ""
          },
          "sensitive_attributes": [],
          "private": "eyJlMmJmYjczMC1lY2FhLTExZTYtOGY4OC0zNDM2M2JjN2M0YzAiOnsiY3JlYXRlIjoxODAwMDAwMDAwMDAwLCJkZWxldGUiOjE4MDAwMDAwMDAwMDAsInJlYWQiOjMwMDAwMDAwMDAwMCwidXBkYXRlIjoxODAwMDAwMDAwMDAwfSwic2NoZW1hX3ZlcnNpb24iOiIxIn0=",
          "dependencies": [
            "azurerm_app_service_plan.appserviceplanlearninglab",
            "azurerm_resource_group.LocalNameRG"
          ]
        }
      ]
    },
    {
      "mode": "managed",
      "type": "azurerm_resource_group",
      "name": "LocalNameRG",
      "provider": "provider[\"registry.terraform.io/hashicorp/azurerm\"]",
      "instances": [
        {
          "schema_version": 0,
          "attributes": {
            "id": "/subscriptions/66163d79-aaee-4101-a413-a8224073123a/resourceGroups/learninglab1234",
            "location": "centralindia",
            "managed_by": "",
            "name": "learninglab1234",
            "tags": null,
            "timeouts": null
          },
          "sensitive_attributes": [],
          "private": "eyJlMmJmYjczMC1lY2FhLTExZTYtOGY4OC0zNDM2M2JjN2M0YzAiOnsiY3JlYXRlIjo1NDAwMDAwMDAwMDAwLCJkZWxldGUiOjU0MDAwMDAwMDAwMDAsInJlYWQiOjMwMDAwMDAwMDAwMCwidXBkYXRlIjo1NDAwMDAwMDAwMDAwfX0="
        }
      ]
    }
  ],
  "check_results": null
}
