{
  "version": 4,
  "terraform_version": "1.7.2",
  "serial": 4,
  "lineage": "b04ac764-9989-3981-999f-19b0c38d7439",
  "outputs": {},
  "resources": [
    {
      "mode": "managed",
      "type": "azurerm_app_service",
      "name": "learinglabappservice",
      "provider": "provider[\"registry.terraform.io/hashicorp/azurerm\"]",
      "instances": [
        {
          "schema_version": 0,
          "attributes": {
            "app_service_plan_id": "/subscriptions/66163d79-aaee-4101-a413-a8224073123a/resourceGroups/learninglab123/providers/Microsoft.Web/serverFarms/example-appserviceplan",
            "app_settings": {
              "SOME_KEY": "some-value"
            },
            "auth_settings": [
              {
                "active_directory": [],
                "additional_login_params": {},
                "allowed_external_redirect_urls": [],
                "default_provider": "",
                "enabled": false,
                "facebook": [],
                "google": [],
                "issuer": "",
                "microsoft": [],
                "runtime_version": "",
                "token_refresh_extension_hours": 0,
                "token_store_enabled": false,
                "twitter": [],
                "unauthenticated_client_action": ""
              }
            ],
            "backup": [],
            "client_affinity_enabled": false,
            "client_cert_enabled": false,
            "client_cert_mode": "Required",
            "connection_string": [],
            "custom_domain_verification_id": "3F8F6EA0FE9DF215ACCD65065ACDA9D784615B7300F7DAD803C9F1B00966192A",
            "default_site_hostname": "learinglab-app-service.azurewebsites.net",
            "enabled": true,
            "https_only": false,
            "id": "/subscriptions/66163d79-aaee-4101-a413-a8224073123a/resourceGroups/learninglab123/providers/Microsoft.Web/sites/learinglab-app-service",
            "identity": [],
            "key_vault_reference_identity_id": "SystemAssigned",
            "location": "centralindia",
            "logs": [
              {
                "application_logs": [
                  {
                    "azure_blob_storage": [],
                    "file_system_level": "Off"
                  }
                ],
                "detailed_error_messages_enabled": false,
                "failed_request_tracing_enabled": false,
                "http_logs": [
                  {
                    "azure_blob_storage": [],
                    "file_system": []
                  }
                ]
              }
            ],
            "name": "learinglab-app-service",
            "outbound_ip_address_list": [
              "20.193.136.157",
              "20.193.136.160",
              "20.193.136.214",
              "20.193.136.224",
              "20.193.136.239",
              "20.193.136.249",
              "4.213.200.163",
              "52.140.106.224"
            ],
            "outbound_ip_addresses": "20.193.136.157,20.193.136.160,20.193.136.214,20.193.136.224,20.193.136.239,20.193.136.249,4.213.200.163,52.140.106.224",
            "possible_outbound_ip_address_list": [
              "20.193.136.157",
              "20.193.136.160",
              "20.193.136.214",
              "20.193.136.224",
              "20.193.136.239",
              "20.193.136.249",
              "4.213.200.163",
              "20.193.137.13",
              "20.193.137.14",
              "20.193.137.36",
              "20.193.137.55",
              "20.193.136.216",
              "20.193.136.217",
              "104.211.113.109",
              "52.172.164.90",
              "104.211.116.183",
              "13.71.1.53",
              "52.172.221.97",
              "52.172.211.172",
              "52.172.144.111",
              "104.211.118.93",
              "52.172.215.180",
              "52.172.221.13",
              "13.71.36.155",
              "52.172.136.188",
              "20.193.128.244",
              "20.193.129.6",
              "20.193.129.126",
              "20.193.136.12",
              "20.193.136.57",
              "20.193.136.59",
              "52.140.106.224"
            ],
            "possible_outbound_ip_addresses": "20.193.136.157,20.193.136.160,20.193.136.214,20.193.136.224,20.193.136.239,20.193.136.249,4.213.200.163,20.193.137.13,20.193.137.14,20.193.137.36,20.193.137.55,20.193.136.216,20.193.136.217,104.211.113.109,52.172.164.90,104.211.116.183,13.71.1.53,52.172.221.97,52.172.211.172,52.172.144.111,104.211.118.93,52.172.215.180,52.172.221.13,13.71.36.155,52.172.136.188,20.193.128.244,20.193.129.6,20.193.129.126,20.193.136.12,20.193.136.57,20.193.136.59,52.140.106.224",
            "resource_group_name": "learninglab123",
            "site_config": [
              {
                "acr_use_managed_identity_credentials": false,
                "acr_user_managed_identity_client_id": "",
                "always_on": false,
                "app_command_line": "",
                "auto_swap_slot_name": "",
                "cors": [
                  {
                    "allowed_origins": [],
                    "support_credentials": false
                  }
                ],
                "default_documents": null,
                "dotnet_framework_version": "v4.0",
                "ftps_state": "FtpsOnly",
                "health_check_path": "",
                "http2_enabled": false,
                "ip_restriction": [],
                "java_container": "",
                "java_container_version": "",
                "java_version": "",
                "linux_fx_version": "",
                "local_mysql_enabled": false,
                "managed_pipeline_mode": "Integrated",
                "min_tls_version": "1.2",
                "number_of_workers": 1,
                "php_version": "",
                "python_version": "",
                "remote_debugging_enabled": false,
                "remote_debugging_version": "VS2022",
                "scm_ip_restriction": [],
                "scm_type": "LocalGit",
                "scm_use_main_ip_restriction": false,
                "use_32_bit_worker_process": false,
                "vnet_route_all_enabled": false,
                "websockets_enabled": false,
                "windows_fx_version": ""
              }
            ],
            "site_credential": [
              {
                "password": "olHJ4u2KtP4i2Z7N2d2mY2XFZoTkBi4Gik1J8udur6rSRNmg7A9FegxXapgQ",
                "username": "$learinglab-app-service"
              }
            ],
            "source_control": [
              {
                "branch": "main",
                "manual_integration": false,
                "repo_url": "https://learinglab-app-service.scm.azurewebsites.net",
                "rollback_enabled": false,
                "use_mercurial": false
              }
            ],
            "storage_account": [],
            "tags": null,
            "timeouts": null
          },
          "sensitive_attributes": [],
          "private": "eyJlMmJmYjczMC1lY2FhLTExZTYtOGY4OC0zNDM2M2JjN2M0YzAiOnsiY3JlYXRlIjoxODAwMDAwMDAwMDAwLCJkZWxldGUiOjE4MDAwMDAwMDAwMDAsInJlYWQiOjMwMDAwMDAwMDAwMCwidXBkYXRlIjoxODAwMDAwMDAwMDAwfX0=",
          "dependencies": [
            "azurerm_app_service_plan.appserviceplanlearninglab",
            "azurerm_resource_group.LocalNameRG"
          ]
        }
      ]
    },
    {
      "mode": "managed",
      "type": "azurerm_app_service_plan",
      "name": "appserviceplanlearninglab",
      "provider": "provider[\"registry.terraform.io/hashicorp/azurerm\"]",
      "instances": [
        {
          "schema_version": 1,
          "attributes": {
            "app_service_environment_id": "",
            "id": "/subscriptions/66163d79-aaee-4101-a413-a8224073123a/resourceGroups/learninglab123/providers/Microsoft.Web/serverFarms/example-appserviceplan",
            "is_xenon": false,
            "kind": "Windows",
            "location": "centralindia",
            "maximum_elastic_worker_count": 1,
            "maximum_number_of_workers": 10,
            "name": "example-appserviceplan",
            "per_site_scaling": false,
            "reserved": false,
            "resource_group_name": "learninglab123",
            "sku": [
              {
                "capacity": 1,
                "size": "S1",
                "tier": "Standard"
              }
            ],
            "tags": null,
            "timeouts": null,
            "zone_redundant": false
          },
          "sensitive_attributes": [],
          "private": "eyJlMmJmYjczMC1lY2FhLTExZTYtOGY4OC0zNDM2M2JjN2M0YzAiOnsiY3JlYXRlIjozNjAwMDAwMDAwMDAwLCJkZWxldGUiOjM2MDAwMDAwMDAwMDAsInJlYWQiOjMwMDAwMDAwMDAwMCwidXBkYXRlIjozNjAwMDAwMDAwMDAwfSwic2NoZW1hX3ZlcnNpb24iOiIxIn0=",
          "dependencies": [
            "azurerm_resource_group.LocalNameRG"
          ]
        }
      ]
    },
    {
      "mode": "managed",
      "type": "azurerm_resource_group",
      "name": "LocalNameRG",
      "provider": "provider[\"registry.terraform.io/hashicorp/azurerm\"]",
      "instances": [
        {
          "schema_version": 0,
          "attributes": {
            "id": "/subscriptions/66163d79-aaee-4101-a413-a8224073123a/resourceGroups/learninglab123",
            "location": "centralindia",
            "managed_by": "",
            "name": "learninglab123",
            "tags": null,
            "timeouts": null
          },
          "sensitive_attributes": [],
          "private": "eyJlMmJmYjczMC1lY2FhLTExZTYtOGY4OC0zNDM2M2JjN2M0YzAiOnsiY3JlYXRlIjo1NDAwMDAwMDAwMDAwLCJkZWxldGUiOjU0MDAwMDAwMDAwMDAsInJlYWQiOjMwMDAwMDAwMDAwMCwidXBkYXRlIjo1NDAwMDAwMDAwMDAwfX0="
        }
      ]
    }
  ],
  "check_results": null
}
